
Microsoft Visual Studio Solution File, Format Version 12.00
# Visual Studio Version 17
VisualStudioVersion = 17.11.35303.130
MinimumVisualStudioVersion = 10.0.40219.1
Project("{FAE04EC0-301F-11D3-BF4B-00C04F79EFBC}") = "اعداد اول", "اعداد اول\اعداد اول.csproj", "{346F6743-44CE-4F4B-A8A6-3F60AC8B012D}"
EndProject
Global
	GlobalSection(SolutionConfigurationPlatforms) = preSolution
		Debug|Any CPU = Debug|Any CPU
		Release|Any CPU = Release|Any CPU
	EndGlobalSection
	GlobalSection(ProjectConfigurationPlatforms) = postSolution
		{346F6743-44CE-4F4B-A8A6-3F60AC8B012D}.Debug|Any CPU.ActiveCfg = Debug|Any CPU
		{346F6743-44CE-4F4B-A8A6-3F60AC8B012D}.Debug|Any CPU.Build.0 = Debug|Any CPU
		{346F6743-44CE-4F4B-A8A6-3F60AC8B012D}.Release|Any CPU.ActiveCfg = Release|Any CPU
		{346F6743-44CE-4F4B-A8A6-3F60AC8B012D}.Release|Any CPU.Build.0 = Release|Any CPU
	EndGlobalSection
	GlobalSection(SolutionProperties) = preSolution
		HideSolutionNode = FALSE
	EndGlobalSection
	GlobalSection(ExtensibilityGlobals) = postSolution
		SolutionGuid = {A77197F0-FD61-4517-A423-2D2D4DDAD8C1}
	EndGlobalSection
EndGlobal
